
Microsoft Visual Studio Solution File, Format Version 12.00
# Visual Studio Version 17
VisualStudioVersion = 17.14.36804.6 d17.14
MinimumVisualStudioVersion = 10.0.40219.1
Project("{FAE04EC0-301F-11D3-BF4B-00C04F79EFBC}") = "Escape Room", "Escape Room\Escape Room.csproj", "{5F56983A-A7A9-415B-80A8-5ABAC56E2F10}"
EndProject
Global
	GlobalSection(SolutionConfigurationPlatforms) = preSolution
		Debug|Any CPU = Debug|Any CPU
		Release|Any CPU = Release|Any CPU
	EndGlobalSection
	GlobalSection(ProjectConfigurationPlatforms) = postSolution
		{5F56983A-A7A9-415B-80A8-5ABAC56E2F10}.Debug|Any CPU.ActiveCfg = Debug|Any CPU
		{5F56983A-A7A9-415B-80A8-5ABAC56E2F10}.Debug|Any CPU.Build.0 = Debug|Any CPU
		{5F56983A-A7A9-415B-80A8-5ABAC56E2F10}.Release|Any CPU.ActiveCfg = Release|Any CPU
		{5F56983A-A7A9-415B-80A8-5ABAC56E2F10}.Release|Any CPU.Build.0 = Release|Any CPU
	EndGlobalSection
	GlobalSection(SolutionProperties) = preSolution
		HideSolutionNode = FALSE
	EndGlobalSection
	GlobalSection(ExtensibilityGlobals) = postSolution
		SolutionGuid = {278AC106-94AB-4071-B123-DC27BE5B4079}
	EndGlobalSection
EndGlobal
